// !$*UTF8*$!
{
	archiveVersion = 1;
	classes = {
	};
	objectVersion = 56;
	objects = {

/* Begin PBXBuildFile section */
		52C3650E2A3227BA00666FBD /* ImagePickerView.swift in Sources */ = {isa = PBXBuildFile; fileRef = 52C3650D2A3227BA00666FBD /* ImagePickerView.swift */; };
		52C365162A391F9700666FBD /* ImageView.swift in Sources */ = {isa = PBXBuildFile; fileRef = 52C365152A391F9700666FBD /* ImageView.swift */; };
		52D471132A1A9096003846AD /* ConfirmView.swift in Sources */ = {isa = PBXBuildFile; fileRef = 52D471122A1A9096003846AD /* ConfirmView.swift */; };
		52D471152A1D40AF003846AD /* ButtonLoginRegisterModifier.swift in Sources */ = {isa = PBXBuildFile; fileRef = 52D471142A1D40AF003846AD /* ButtonLoginRegisterModifier.swift */; };
		930A9CD729F6B21500F22AEA /* CheliApp.swift in Sources */ = {isa = PBXBuildFile; fileRef = 930A9CD629F6B21500F22AEA /* CheliApp.swift */; };
		930A9CD929F6B21500F22AEA /* NavigationView.swift in Sources */ = {isa = PBXBuildFile; fileRef = 930A9CD829F6B21500F22AEA /* NavigationView.swift */; };
		930A9CDB29F6B21500F22AEA /* Assets.xcassets in Resources */ = {isa = PBXBuildFile; fileRef = 930A9CDA29F6B21500F22AEA /* Assets.xcassets */; };
		930A9CDE29F6B21500F22AEA /* Preview Assets.xcassets in Resources */ = {isa = PBXBuildFile; fileRef = 930A9CDD29F6B21500F22AEA /* Preview Assets.xcassets */; };
		930A9CE529F6B41200F22AEA /* Launch Screen.storyboard in Resources */ = {isa = PBXBuildFile; fileRef = 930A9CE429F6B41200F22AEA /* Launch Screen.storyboard */; };
		930A9CEE29F6BB6400F22AEA /* HomeScreen.swift in Sources */ = {isa = PBXBuildFile; fileRef = 930A9CED29F6BB6400F22AEA /* HomeScreen.swift */; };
		930A9CF029F6BBA000F22AEA /* SearchScreen.swift in Sources */ = {isa = PBXBuildFile; fileRef = 930A9CEF29F6BBA000F22AEA /* SearchScreen.swift */; };
		930A9CF229F6BC6900F22AEA /* TitleView.swift in Sources */ = {isa = PBXBuildFile; fileRef = 930A9CF129F6BC6900F22AEA /* TitleView.swift */; };
		930A9CF429F6BF6900F22AEA /* ContainerViewModifier.swift in Sources */ = {isa = PBXBuildFile; fileRef = 930A9CF329F6BF6900F22AEA /* ContainerViewModifier.swift */; };
		930A9CF629F6C2EC00F22AEA /* MemberView.swift in Sources */ = {isa = PBXBuildFile; fileRef = 930A9CF529F6C2EC00F22AEA /* MemberView.swift */; };
		930F9ACD2A03DAA400A856A6 /* NetworkManager.swift in Sources */ = {isa = PBXBuildFile; fileRef = 930F9ACB2A03DAA400A856A6 /* NetworkManager.swift */; };
		930F9ACE2A03DAA400A856A6 /* EndpointURLs.swift in Sources */ = {isa = PBXBuildFile; fileRef = 930F9ACC2A03DAA400A856A6 /* EndpointURLs.swift */; };
		930F9AD12A03DBEE00A856A6 /* Alamofire in Frameworks */ = {isa = PBXBuildFile; productRef = 930F9AD02A03DBEE00A856A6 /* Alamofire */; };
		930F9AD42A03DC1800A856A6 /* SwiftyJSON in Frameworks */ = {isa = PBXBuildFile; productRef = 930F9AD32A03DC1800A856A6 /* SwiftyJSON */; };
		930F9AD62A03DDF300A856A6 /* FeedItem.swift in Sources */ = {isa = PBXBuildFile; fileRef = 930F9AD52A03DDF300A856A6 /* FeedItem.swift */; };
		930F9AD82A03DFC200A856A6 /* FeedViewModel.swift in Sources */ = {isa = PBXBuildFile; fileRef = 930F9AD72A03DFC200A856A6 /* FeedViewModel.swift */; };
		930F9ADB2A03E56400A856A6 /* UserStore.swift in Sources */ = {isa = PBXBuildFile; fileRef = 930F9ADA2A03E56400A856A6 /* UserStore.swift */; };
		930F9ADD2A03E62600A856A6 /* UserViewModel.swift in Sources */ = {isa = PBXBuildFile; fileRef = 930F9ADC2A03E62600A856A6 /* UserViewModel.swift */; };
		AF01DF4E2A17DC230078781E /* AcceptFollowRequests.swift in Sources */ = {isa = PBXBuildFile; fileRef = AF01DF4D2A17DC230078781E /* AcceptFollowRequests.swift */; };
		AF5759E92A1B7EBC0064A876 /* ClickedUserView.swift in Sources */ = {isa = PBXBuildFile; fileRef = AF5759E82A1B7EBC0064A876 /* ClickedUserView.swift */; };
		AF6A2EF32A168C9A007E78DB /* FollowRequestsView.swift in Sources */ = {isa = PBXBuildFile; fileRef = AF6A2EF22A168C9A007E78DB /* FollowRequestsView.swift */; };
		AF6A2EF72A17D19E007E78DB /* FollowRequestsTextView.swift in Sources */ = {isa = PBXBuildFile; fileRef = AF6A2EF62A17D19E007E78DB /* FollowRequestsTextView.swift */; };
		AF9EDB642A1BAAC300C42103 /* CommentScreen.swift in Sources */ = {isa = PBXBuildFile; fileRef = AF9EDB632A1BAAC300C42103 /* CommentScreen.swift */; };
		AF9EDB662A1BC22B00C42103 /* CommentsTextView.swift in Sources */ = {isa = PBXBuildFile; fileRef = AF9EDB652A1BC22B00C42103 /* CommentsTextView.swift */; };
		AFA4A4AA2A0953CB00BAF566 /* TitleFindView.swift in Sources */ = {isa = PBXBuildFile; fileRef = AFA4A4A92A0953CB00BAF566 /* TitleFindView.swift */; };
		AFA4A4AC2A09550B00BAF566 /* PeopleView.swift in Sources */ = {isa = PBXBuildFile; fileRef = AFA4A4AB2A09550B00BAF566 /* PeopleView.swift */; };
		AFA57C1D2A0D30CF00C932C6 /* Extensions.swift in Sources */ = {isa = PBXBuildFile; fileRef = AFA57C1C2A0D30CF00C932C6 /* Extensions.swift */; };
		AFBA3F372A1E611E00927550 /* AddCommentView.swift in Sources */ = {isa = PBXBuildFile; fileRef = AFBA3F362A1E611D00927550 /* AddCommentView.swift */; };
		AFBA3F392A212F4600927550 /* CommentView.swift in Sources */ = {isa = PBXBuildFile; fileRef = AFBA3F382A212F4600927550 /* CommentView.swift */; };
		AFCACBC82A05516A00BAE4EA /* HeaderTextViewModifier.swift in Sources */ = {isa = PBXBuildFile; fileRef = AFCACBC32A05516900BAE4EA /* HeaderTextViewModifier.swift */; };
		AFCACBC92A05516A00BAE4EA /* ButtonViewModifier.swift in Sources */ = {isa = PBXBuildFile; fileRef = AFCACBC42A05516A00BAE4EA /* ButtonViewModifier.swift */; };
		AFCACBCA2A05516A00BAE4EA /* FormTextModifier.swift in Sources */ = {isa = PBXBuildFile; fileRef = AFCACBC52A05516A00BAE4EA /* FormTextModifier.swift */; };
		AFCACBCB2A05516A00BAE4EA /* MarginViewModifier.swift in Sources */ = {isa = PBXBuildFile; fileRef = AFCACBC62A05516A00BAE4EA /* MarginViewModifier.swift */; };
		AFCACBCC2A05516A00BAE4EA /* ButtonWhiteViewModifier.swift in Sources */ = {isa = PBXBuildFile; fileRef = AFCACBC72A05516A00BAE4EA /* ButtonWhiteViewModifier.swift */; };
		AFCACBCE2A0551AC00BAE4EA /* BackView.swift in Sources */ = {isa = PBXBuildFile; fileRef = AFCACBCD2A0551AC00BAE4EA /* BackView.swift */; };
		AFCACBD22A05521300BAE4EA /* RegisterView.swift in Sources */ = {isa = PBXBuildFile; fileRef = AFCACBCF2A05521300BAE4EA /* RegisterView.swift */; };
		AFCACBD32A05521300BAE4EA /* LoginView.swift in Sources */ = {isa = PBXBuildFile; fileRef = AFCACBD02A05521300BAE4EA /* LoginView.swift */; };
		AFCACBD42A05521300BAE4EA /* LandingView.swift in Sources */ = {isa = PBXBuildFile; fileRef = AFCACBD12A05521300BAE4EA /* LandingView.swift */; };
		EE3CA35E2A0194FC00BF5294 /* CheliView.swift in Sources */ = {isa = PBXBuildFile; fileRef = EE3CA35D2A0194FC00BF5294 /* CheliView.swift */; };
		EE3CA3602A01990C00BF5294 /* ProfileFollowersView.swift in Sources */ = {isa = PBXBuildFile; fileRef = EE3CA35F2A01990C00BF5294 /* ProfileFollowersView.swift */; };
		EE468AA629FF295600622D2F /* ActiveView.swift in Sources */ = {isa = PBXBuildFile; fileRef = EE468AA529FF295600622D2F /* ActiveView.swift */; };
		EE4C81E52A02B7B900653103 /* ProfileChallengeCompletedView.swift in Sources */ = {isa = PBXBuildFile; fileRef = EE4C81E42A02B7B900653103 /* ProfileChallengeCompletedView.swift */; };
		EED7E6CD29FF46B9004FBA9B /* MyFeedView.swift in Sources */ = {isa = PBXBuildFile; fileRef = EED7E6CC29FF46B9004FBA9B /* MyFeedView.swift */; };
		EED7E6CF2A010469004FBA9B /* TitleProfileView.swift in Sources */ = {isa = PBXBuildFile; fileRef = EED7E6CE2A010469004FBA9B /* TitleProfileView.swift */; };
		EED7E6D32A010523004FBA9B /* ProfileScreen.swift in Sources */ = {isa = PBXBuildFile; fileRef = EED7E6D22A010523004FBA9B /* ProfileScreen.swift */; };
/* End PBXBuildFile section */

/* Begin PBXFileReference section */
		52C3650D2A3227BA00666FBD /* ImagePickerView.swift */ = {isa = PBXFileReference; lastKnownFileType = sourcecode.swift; path = ImagePickerView.swift; sourceTree = "<group>"; };
		52C365152A391F9700666FBD /* ImageView.swift */ = {isa = PBXFileReference; lastKnownFileType = sourcecode.swift; path = ImageView.swift; sourceTree = "<group>"; };
		52D471122A1A9096003846AD /* ConfirmView.swift */ = {isa = PBXFileReference; lastKnownFileType = sourcecode.swift; path = ConfirmView.swift; sourceTree = "<group>"; };
		52D471142A1D40AF003846AD /* ButtonLoginRegisterModifier.swift */ = {isa = PBXFileReference; lastKnownFileType = sourcecode.swift; path = ButtonLoginRegisterModifier.swift; sourceTree = "<group>"; };
		930A9CD329F6B21500F22AEA /* Cheli.app */ = {isa = PBXFileReference; explicitFileType = wrapper.application; includeInIndex = 0; path = Cheli.app; sourceTree = BUILT_PRODUCTS_DIR; };
		930A9CD629F6B21500F22AEA /* CheliApp.swift */ = {isa = PBXFileReference; lastKnownFileType = sourcecode.swift; path = CheliApp.swift; sourceTree = "<group>"; };
		930A9CD829F6B21500F22AEA /* NavigationView.swift */ = {isa = PBXFileReference; lastKnownFileType = sourcecode.swift; path = NavigationView.swift; sourceTree = "<group>"; };
		930A9CDA29F6B21500F22AEA /* Assets.xcassets */ = {isa = PBXFileReference; lastKnownFileType = folder.assetcatalog; path = Assets.xcassets; sourceTree = "<group>"; };
		930A9CDD29F6B21500F22AEA /* Preview Assets.xcassets */ = {isa = PBXFileReference; lastKnownFileType = folder.assetcatalog; path = "Preview Assets.xcassets"; sourceTree = "<group>"; };
		930A9CE429F6B41200F22AEA /* Launch Screen.storyboard */ = {isa = PBXFileReference; lastKnownFileType = file.storyboard; path = "Launch Screen.storyboard"; sourceTree = "<group>"; };
		930A9CED29F6BB6400F22AEA /* HomeScreen.swift */ = {isa = PBXFileReference; lastKnownFileType = sourcecode.swift; path = HomeScreen.swift; sourceTree = "<group>"; };
		930A9CEF29F6BBA000F22AEA /* SearchScreen.swift */ = {isa = PBXFileReference; lastKnownFileType = sourcecode.swift; path = SearchScreen.swift; sourceTree = "<group>"; };
		930A9CF129F6BC6900F22AEA /* TitleView.swift */ = {isa = PBXFileReference; lastKnownFileType = sourcecode.swift; path = TitleView.swift; sourceTree = "<group>"; };
		930A9CF329F6BF6900F22AEA /* ContainerViewModifier.swift */ = {isa = PBXFileReference; lastKnownFileType = sourcecode.swift; path = ContainerViewModifier.swift; sourceTree = "<group>"; };
		930A9CF529F6C2EC00F22AEA /* MemberView.swift */ = {isa = PBXFileReference; lastKnownFileType = sourcecode.swift; path = MemberView.swift; sourceTree = "<group>"; };
		930F9ACB2A03DAA400A856A6 /* NetworkManager.swift */ = {isa = PBXFileReference; fileEncoding = 4; lastKnownFileType = sourcecode.swift; path = NetworkManager.swift; sourceTree = "<group>"; };
		930F9ACC2A03DAA400A856A6 /* EndpointURLs.swift */ = {isa = PBXFileReference; fileEncoding = 4; lastKnownFileType = sourcecode.swift; path = EndpointURLs.swift; sourceTree = "<group>"; };
		930F9AD52A03DDF300A856A6 /* FeedItem.swift */ = {isa = PBXFileReference; fileEncoding = 4; lastKnownFileType = sourcecode.swift; path = FeedItem.swift; sourceTree = "<group>"; };
		930F9AD72A03DFC200A856A6 /* FeedViewModel.swift */ = {isa = PBXFileReference; fileEncoding = 4; lastKnownFileType = sourcecode.swift; path = FeedViewModel.swift; sourceTree = "<group>"; };
		930F9AD92A03E28300A856A6 /* Info.plist */ = {isa = PBXFileReference; lastKnownFileType = text.plist; path = Info.plist; sourceTree = "<group>"; };
		930F9ADA2A03E56400A856A6 /* UserStore.swift */ = {isa = PBXFileReference; fileEncoding = 4; lastKnownFileType = sourcecode.swift; path = UserStore.swift; sourceTree = "<group>"; };
		930F9ADC2A03E62600A856A6 /* UserViewModel.swift */ = {isa = PBXFileReference; fileEncoding = 4; lastKnownFileType = sourcecode.swift; path = UserViewModel.swift; sourceTree = "<group>"; };
		AF01DF4D2A17DC230078781E /* AcceptFollowRequests.swift */ = {isa = PBXFileReference; lastKnownFileType = sourcecode.swift; path = AcceptFollowRequests.swift; sourceTree = "<group>"; };
		AF5759E82A1B7EBC0064A876 /* ClickedUserView.swift */ = {isa = PBXFileReference; lastKnownFileType = sourcecode.swift; path = ClickedUserView.swift; sourceTree = "<group>"; };
		AF6A2EF22A168C9A007E78DB /* FollowRequestsView.swift */ = {isa = PBXFileReference; lastKnownFileType = sourcecode.swift; path = FollowRequestsView.swift; sourceTree = "<group>"; };
		AF6A2EF62A17D19E007E78DB /* FollowRequestsTextView.swift */ = {isa = PBXFileReference; lastKnownFileType = sourcecode.swift; path = FollowRequestsTextView.swift; sourceTree = "<group>"; };
		AF9EDB632A1BAAC300C42103 /* CommentScreen.swift */ = {isa = PBXFileReference; lastKnownFileType = sourcecode.swift; path = CommentScreen.swift; sourceTree = "<group>"; };
		AF9EDB652A1BC22B00C42103 /* CommentsTextView.swift */ = {isa = PBXFileReference; lastKnownFileType = sourcecode.swift; path = CommentsTextView.swift; sourceTree = "<group>"; };
		AFA4A4A92A0953CB00BAF566 /* TitleFindView.swift */ = {isa = PBXFileReference; lastKnownFileType = sourcecode.swift; path = TitleFindView.swift; sourceTree = "<group>"; };
		AFA4A4AB2A09550B00BAF566 /* PeopleView.swift */ = {isa = PBXFileReference; lastKnownFileType = sourcecode.swift; path = PeopleView.swift; sourceTree = "<group>"; };
		AFA57C1C2A0D30CF00C932C6 /* Extensions.swift */ = {isa = PBXFileReference; lastKnownFileType = sourcecode.swift; path = Extensions.swift; sourceTree = "<group>"; };
		AFBA3F362A1E611D00927550 /* AddCommentView.swift */ = {isa = PBXFileReference; lastKnownFileType = sourcecode.swift; path = AddCommentView.swift; sourceTree = "<group>"; };
		AFBA3F382A212F4600927550 /* CommentView.swift */ = {isa = PBXFileReference; lastKnownFileType = sourcecode.swift; path = CommentView.swift; sourceTree = "<group>"; };
		AFCACBC32A05516900BAE4EA /* HeaderTextViewModifier.swift */ = {isa = PBXFileReference; fileEncoding = 4; lastKnownFileType = sourcecode.swift; path = HeaderTextViewModifier.swift; sourceTree = "<group>"; };
		AFCACBC42A05516A00BAE4EA /* ButtonViewModifier.swift */ = {isa = PBXFileReference; fileEncoding = 4; lastKnownFileType = sourcecode.swift; path = ButtonViewModifier.swift; sourceTree = "<group>"; };
		AFCACBC52A05516A00BAE4EA /* FormTextModifier.swift */ = {isa = PBXFileReference; fileEncoding = 4; lastKnownFileType = sourcecode.swift; path = FormTextModifier.swift; sourceTree = "<group>"; };
		AFCACBC62A05516A00BAE4EA /* MarginViewModifier.swift */ = {isa = PBXFileReference; fileEncoding = 4; lastKnownFileType = sourcecode.swift; path = MarginViewModifier.swift; sourceTree = "<group>"; };
		AFCACBC72A05516A00BAE4EA /* ButtonWhiteViewModifier.swift */ = {isa = PBXFileReference; fileEncoding = 4; lastKnownFileType = sourcecode.swift; path = ButtonWhiteViewModifier.swift; sourceTree = "<group>"; };
		AFCACBCD2A0551AC00BAE4EA /* BackView.swift */ = {isa = PBXFileReference; fileEncoding = 4; lastKnownFileType = sourcecode.swift; path = BackView.swift; sourceTree = "<group>"; };
		AFCACBCF2A05521300BAE4EA /* RegisterView.swift */ = {isa = PBXFileReference; fileEncoding = 4; lastKnownFileType = sourcecode.swift; path = RegisterView.swift; sourceTree = "<group>"; };
		AFCACBD02A05521300BAE4EA /* LoginView.swift */ = {isa = PBXFileReference; fileEncoding = 4; lastKnownFileType = sourcecode.swift; path = LoginView.swift; sourceTree = "<group>"; };
		AFCACBD12A05521300BAE4EA /* LandingView.swift */ = {isa = PBXFileReference; fileEncoding = 4; lastKnownFileType = sourcecode.swift; path = LandingView.swift; sourceTree = "<group>"; };
		EE3CA35D2A0194FC00BF5294 /* CheliView.swift */ = {isa = PBXFileReference; lastKnownFileType = sourcecode.swift; path = CheliView.swift; sourceTree = "<group>"; };
		EE3CA35F2A01990C00BF5294 /* ProfileFollowersView.swift */ = {isa = PBXFileReference; lastKnownFileType = sourcecode.swift; path = ProfileFollowersView.swift; sourceTree = "<group>"; };
		EE468AA529FF295600622D2F /* ActiveView.swift */ = {isa = PBXFileReference; lastKnownFileType = sourcecode.swift; path = ActiveView.swift; sourceTree = "<group>"; };
		EE4C81E42A02B7B900653103 /* ProfileChallengeCompletedView.swift */ = {isa = PBXFileReference; lastKnownFileType = sourcecode.swift; path = ProfileChallengeCompletedView.swift; sourceTree = "<group>"; };
		EED7E6CC29FF46B9004FBA9B /* MyFeedView.swift */ = {isa = PBXFileReference; lastKnownFileType = sourcecode.swift; path = MyFeedView.swift; sourceTree = "<group>"; };
		EED7E6CE2A010469004FBA9B /* TitleProfileView.swift */ = {isa = PBXFileReference; lastKnownFileType = sourcecode.swift; path = TitleProfileView.swift; sourceTree = "<group>"; };
		EED7E6D22A010523004FBA9B /* ProfileScreen.swift */ = {isa = PBXFileReference; lastKnownFileType = sourcecode.swift; path = ProfileScreen.swift; sourceTree = "<group>"; };
/* End PBXFileReference section */

/* Begin PBXFrameworksBuildPhase section */
		930A9CD029F6B21500F22AEA /* Frameworks */ = {
			isa = PBXFrameworksBuildPhase;
			buildActionMask = 2147483647;
			files = (
				930F9AD42A03DC1800A856A6 /* SwiftyJSON in Frameworks */,
				930F9AD12A03DBEE00A856A6 /* Alamofire in Frameworks */,
			);
			runOnlyForDeploymentPostprocessing = 0;
		};
/* End PBXFrameworksBuildPhase section */

/* Begin PBXGroup section */
		930A9CCA29F6B21500F22AEA = {
			isa = PBXGroup;
			children = (
				930A9CE429F6B41200F22AEA /* Launch Screen.storyboard */,
				930A9CD529F6B21500F22AEA /* Cheli */,
				930A9CD429F6B21500F22AEA /* Products */,
			);
			sourceTree = "<group>";
		};
		930A9CD429F6B21500F22AEA /* Products */ = {
			isa = PBXGroup;
			children = (
				930A9CD329F6B21500F22AEA /* Cheli.app */,
			);
			name = Products;
			sourceTree = "<group>";
		};
		930A9CD529F6B21500F22AEA /* Cheli */ = {
			isa = PBXGroup;
			children = (
				930F9AD92A03E28300A856A6 /* Info.plist */,
				930A9CEB29F6B7A500F22AEA /* View */,
				930A9CE929F6B6F900F22AEA /* Utilities */,
				930A9CE829F6B6EC00F22AEA /* Controllers */,
				930A9CE729F6B6E200F22AEA /* ViewModel */,
				930A9CE629F6B6D500F22AEA /* Model */,
				930A9CD629F6B21500F22AEA /* CheliApp.swift */,
				930A9CDA29F6B21500F22AEA /* Assets.xcassets */,
				930A9CDC29F6B21500F22AEA /* Preview Content */,
			);
			path = Cheli;
			sourceTree = "<group>";
		};
		930A9CDC29F6B21500F22AEA /* Preview Content */ = {
			isa = PBXGroup;
			children = (
				930A9CDD29F6B21500F22AEA /* Preview Assets.xcassets */,
			);
			path = "Preview Content";
			sourceTree = "<group>";
		};
		930A9CE629F6B6D500F22AEA /* Model */ = {
			isa = PBXGroup;
			children = (
				930F9AD52A03DDF300A856A6 /* FeedItem.swift */,
			);
			path = Model;
			sourceTree = "<group>";
		};
		930A9CE729F6B6E200F22AEA /* ViewModel */ = {
			isa = PBXGroup;
			children = (
				930F9ADC2A03E62600A856A6 /* UserViewModel.swift */,
				930F9AD72A03DFC200A856A6 /* FeedViewModel.swift */,
			);
			path = ViewModel;
			sourceTree = "<group>";
		};
		930A9CE829F6B6EC00F22AEA /* Controllers */ = {
			isa = PBXGroup;
			children = (
				AFCACBD12A05521300BAE4EA /* LandingView.swift */,
				AFCACBD02A05521300BAE4EA /* LoginView.swift */,
				AFCACBCF2A05521300BAE4EA /* RegisterView.swift */,
				AF6A2EF22A168C9A007E78DB /* FollowRequestsView.swift */,
				AF5759E82A1B7EBC0064A876 /* ClickedUserView.swift */,
				930A9CD829F6B21500F22AEA /* NavigationView.swift */,
				AF9EDB632A1BAAC300C42103 /* CommentScreen.swift */,
				930A9CED29F6BB6400F22AEA /* HomeScreen.swift */,
				930A9CEF29F6BBA000F22AEA /* SearchScreen.swift */,
				EED7E6D22A010523004FBA9B /* ProfileScreen.swift */,
				52D471122A1A9096003846AD /* ConfirmView.swift */,
			);
			path = Controllers;
			sourceTree = "<group>";
		};
		930A9CE929F6B6F900F22AEA /* Utilities */ = {
			isa = PBXGroup;
			children = (
				930F9ADA2A03E56400A856A6 /* UserStore.swift */,
				930A9CEA29F6B70700F22AEA /* Networking */,
				AFA57C1C2A0D30CF00C932C6 /* Extensions.swift */,
			);
			path = Utilities;
			sourceTree = "<group>";
		};
		930A9CEA29F6B70700F22AEA /* Networking */ = {
			isa = PBXGroup;
			children = (
				930F9ACC2A03DAA400A856A6 /* EndpointURLs.swift */,
				930F9ACB2A03DAA400A856A6 /* NetworkManager.swift */,
			);
			path = Networking;
			sourceTree = "<group>";
		};
		930A9CEB29F6B7A500F22AEA /* View */ = {
			isa = PBXGroup;
			children = (
				930A9CEC29F6B7AF00F22AEA /* ViewModifiers */,
				930A9CF129F6BC6900F22AEA /* TitleView.swift */,
				52C365152A391F9700666FBD /* ImageView.swift */,
				EED7E6CE2A010469004FBA9B /* TitleProfileView.swift */,
				AFA4A4A92A0953CB00BAF566 /* TitleFindView.swift */,
				AFCACBCD2A0551AC00BAE4EA /* BackView.swift */,
				EED7E6CC29FF46B9004FBA9B /* MyFeedView.swift */,
				EE3CA35F2A01990C00BF5294 /* ProfileFollowersView.swift */,
				AF01DF4D2A17DC230078781E /* AcceptFollowRequests.swift */,
				EE3CA35D2A0194FC00BF5294 /* CheliView.swift */,
				AF6A2EF62A17D19E007E78DB /* FollowRequestsTextView.swift */,
				AF9EDB652A1BC22B00C42103 /* CommentsTextView.swift */,
				AFBA3F362A1E611D00927550 /* AddCommentView.swift */,
				AFBA3F382A212F4600927550 /* CommentView.swift */,
				AFA4A4AB2A09550B00BAF566 /* PeopleView.swift */,
				EE468AA529FF295600622D2F /* ActiveView.swift */,
				EE4C81E42A02B7B900653103 /* ProfileChallengeCompletedView.swift */,
				930A9CF529F6C2EC00F22AEA /* MemberView.swift */,
			);
			path = View;
			sourceTree = "<group>";
		};
		930A9CEC29F6B7AF00F22AEA /* ViewModifiers */ = {
			isa = PBXGroup;
			children = (
				AFCACBC42A05516A00BAE4EA /* ButtonViewModifier.swift */,
				AFCACBC72A05516A00BAE4EA /* ButtonWhiteViewModifier.swift */,
				AFCACBC52A05516A00BAE4EA /* FormTextModifier.swift */,
				AFCACBC32A05516900BAE4EA /* HeaderTextViewModifier.swift */,
				AFCACBC62A05516A00BAE4EA /* MarginViewModifier.swift */,
				930A9CF329F6BF6900F22AEA /* ContainerViewModifier.swift */,
				52D471142A1D40AF003846AD /* ButtonLoginRegisterModifier.swift */,
				52C3650D2A3227BA00666FBD /* ImagePickerView.swift */,
			);
			path = ViewModifiers;
			sourceTree = "<group>";
		};
/* End PBXGroup section */

/* Begin PBXNativeTarget section */
		930A9CD229F6B21500F22AEA /* Cheli */ = {
			isa = PBXNativeTarget;
			buildConfigurationList = 930A9CE129F6B21500F22AEA /* Build configuration list for PBXNativeTarget "Cheli" */;
			buildPhases = (
				930A9CCF29F6B21500F22AEA /* Sources */,
				930A9CD029F6B21500F22AEA /* Frameworks */,
				930A9CD129F6B21500F22AEA /* Resources */,
			);
			buildRules = (
			);
			dependencies = (
			);
			name = Cheli;
			packageProductDependencies = (
				930F9AD02A03DBEE00A856A6 /* Alamofire */,
				930F9AD32A03DC1800A856A6 /* SwiftyJSON */,
			);
			productName = Cheli;
			productReference = 930A9CD329F6B21500F22AEA /* Cheli.app */;
			productType = "com.apple.product-type.application";
		};
/* End PBXNativeTarget section */

/* Begin PBXProject section */
		930A9CCB29F6B21500F22AEA /* Project object */ = {
			isa = PBXProject;
			attributes = {
				BuildIndependentTargetsInParallel = 1;
				LastSwiftUpdateCheck = 1430;
				LastUpgradeCheck = 1430;
				TargetAttributes = {
					930A9CD229F6B21500F22AEA = {
						CreatedOnToolsVersion = 14.3;
					};
				};
			};
			buildConfigurationList = 930A9CCE29F6B21500F22AEA /* Build configuration list for PBXProject "Cheli" */;
			compatibilityVersion = "Xcode 14.0";
			developmentRegion = en;
			hasScannedForEncodings = 0;
			knownRegions = (
				en,
				Base,
			);
			mainGroup = 930A9CCA29F6B21500F22AEA;
			packageReferences = (
				930F9ACF2A03DBEE00A856A6 /* XCRemoteSwiftPackageReference "Alamofire" */,
				930F9AD22A03DC1800A856A6 /* XCRemoteSwiftPackageReference "SwiftyJSON" */,
			);
			productRefGroup = 930A9CD429F6B21500F22AEA /* Products */;
			projectDirPath = "";
			projectRoot = "";
			targets = (
				930A9CD229F6B21500F22AEA /* Cheli */,
			);
		};
/* End PBXProject section */

/* Begin PBXResourcesBuildPhase section */
		930A9CD129F6B21500F22AEA /* Resources */ = {
			isa = PBXResourcesBuildPhase;
			buildActionMask = 2147483647;
			files = (
				930A9CE529F6B41200F22AEA /* Launch Screen.storyboard in Resources */,
				930A9CDE29F6B21500F22AEA /* Preview Assets.xcassets in Resources */,
				930A9CDB29F6B21500F22AEA /* Assets.xcassets in Resources */,
			);
			runOnlyForDeploymentPostprocessing = 0;
		};
/* End PBXResourcesBuildPhase section */

/* Begin PBXSourcesBuildPhase section */
		930A9CCF29F6B21500F22AEA /* Sources */ = {
			isa = PBXSourcesBuildPhase;
			buildActionMask = 2147483647;
			files = (
				AFA4A4AA2A0953CB00BAF566 /* TitleFindView.swift in Sources */,
				930F9AD82A03DFC200A856A6 /* FeedViewModel.swift in Sources */,
				AFCACBD32A05521300BAE4EA /* LoginView.swift in Sources */,
				AFCACBCB2A05516A00BAE4EA /* MarginViewModifier.swift in Sources */,
				52C365162A391F9700666FBD /* ImageView.swift in Sources */,
				AFCACBC82A05516A00BAE4EA /* HeaderTextViewModifier.swift in Sources */,
				AFCACBCE2A0551AC00BAE4EA /* BackView.swift in Sources */,
				EE4C81E52A02B7B900653103 /* ProfileChallengeCompletedView.swift in Sources */,
				AFCACBD42A05521300BAE4EA /* LandingView.swift in Sources */,
				52D471132A1A9096003846AD /* ConfirmView.swift in Sources */,
				AFCACBC92A05516A00BAE4EA /* ButtonViewModifier.swift in Sources */,
				AF9EDB662A1BC22B00C42103 /* CommentsTextView.swift in Sources */,
				EE3CA3602A01990C00BF5294 /* ProfileFollowersView.swift in Sources */,
				52C3650E2A3227BA00666FBD /* ImagePickerView.swift in Sources */,
				AFBA3F392A212F4600927550 /* CommentView.swift in Sources */,
				EED7E6CD29FF46B9004FBA9B /* MyFeedView.swift in Sources */,
				AFA4A4AC2A09550B00BAF566 /* PeopleView.swift in Sources */,
				930A9CF029F6BBA000F22AEA /* SearchScreen.swift in Sources */,
				AF5759E92A1B7EBC0064A876 /* ClickedUserView.swift in Sources */,
				930F9ACD2A03DAA400A856A6 /* NetworkManager.swift in Sources */,
				930F9ADB2A03E56400A856A6 /* UserStore.swift in Sources */,
				930A9CD929F6B21500F22AEA /* NavigationView.swift in Sources */,
				AF6A2EF32A168C9A007E78DB /* FollowRequestsView.swift in Sources */,
				EE468AA629FF295600622D2F /* ActiveView.swift in Sources */,
				930F9ACE2A03DAA400A856A6 /* EndpointURLs.swift in Sources */,
				930A9CF629F6C2EC00F22AEA /* MemberView.swift in Sources */,
				930A9CD729F6B21500F22AEA /* CheliApp.swift in Sources */,
				AF9EDB642A1BAAC300C42103 /* CommentScreen.swift in Sources */,
				AFCACBD22A05521300BAE4EA /* RegisterView.swift in Sources */,
				AF6A2EF72A17D19E007E78DB /* FollowRequestsTextView.swift in Sources */,
				EE3CA35E2A0194FC00BF5294 /* CheliView.swift in Sources */,
				AFCACBCC2A05516A00BAE4EA /* ButtonWhiteViewModifier.swift in Sources */,
				930A9CEE29F6BB6400F22AEA /* HomeScreen.swift in Sources */,
				AFCACBCA2A05516A00BAE4EA /* FormTextModifier.swift in Sources */,
				930A9CF229F6BC6900F22AEA /* TitleView.swift in Sources */,
				AFBA3F372A1E611E00927550 /* AddCommentView.swift in Sources */,
				930F9AD62A03DDF300A856A6 /* FeedItem.swift in Sources */,
				AFA57C1D2A0D30CF00C932C6 /* Extensions.swift in Sources */,
				930A9CF429F6BF6900F22AEA /* ContainerViewModifier.swift in Sources */,
				EED7E6D32A010523004FBA9B /* ProfileScreen.swift in Sources */,
				52D471152A1D40AF003846AD /* ButtonLoginRegisterModifier.swift in Sources */,
				930F9ADD2A03E62600A856A6 /* UserViewModel.swift in Sources */,
				AF01DF4E2A17DC230078781E /* AcceptFollowRequests.swift in Sources */,
				EED7E6CF2A010469004FBA9B /* TitleProfileView.swift in Sources */,
			);
			runOnlyForDeploymentPostprocessing = 0;
		};
/* End PBXSourcesBuildPhase section */

/* Begin XCBuildConfiguration section */
		930A9CDF29F6B21500F22AEA /* Debug */ = {
			isa = XCBuildConfiguration;
			buildSettings = {
				ALWAYS_SEARCH_USER_PATHS = NO;
				CLANG_ANALYZER_NONNULL = YES;
				CLANG_ANALYZER_NUMBER_OBJECT_CONVERSION = YES_AGGRESSIVE;
				CLANG_CXX_LANGUAGE_STANDARD = "gnu++20";
				CLANG_ENABLE_MODULES = YES;
				CLANG_ENABLE_OBJC_ARC = YES;
				CLANG_ENABLE_OBJC_WEAK = YES;
				CLANG_WARN_BLOCK_CAPTURE_AUTORELEASING = YES;
				CLANG_WARN_BOOL_CONVERSION = YES;
				CLANG_WARN_COMMA = YES;
				CLANG_WARN_CONSTANT_CONVERSION = YES;
				CLANG_WARN_DEPRECATED_OBJC_IMPLEMENTATIONS = YES;
				CLANG_WARN_DIRECT_OBJC_ISA_USAGE = YES_ERROR;
				CLANG_WARN_DOCUMENTATION_COMMENTS = YES;
				CLANG_WARN_EMPTY_BODY = YES;
				CLANG_WARN_ENUM_CONVERSION = YES;
				CLANG_WARN_INFINITE_RECURSION = YES;
				CLANG_WARN_INT_CONVERSION = YES;
				CLANG_WARN_NON_LITERAL_NULL_CONVERSION = YES;
				CLANG_WARN_OBJC_IMPLICIT_RETAIN_SELF = YES;
				CLANG_WARN_OBJC_LITERAL_CONVERSION = YES;
				CLANG_WARN_OBJC_ROOT_CLASS = YES_ERROR;
				CLANG_WARN_QUOTED_INCLUDE_IN_FRAMEWORK_HEADER = YES;
				CLANG_WARN_RANGE_LOOP_ANALYSIS = YES;
				CLANG_WARN_STRICT_PROTOTYPES = YES;
				CLANG_WARN_SUSPICIOUS_MOVE = YES;
				CLANG_WARN_UNGUARDED_AVAILABILITY = YES_AGGRESSIVE;
				CLANG_WARN_UNREACHABLE_CODE = YES;
				CLANG_WARN__DUPLICATE_METHOD_MATCH = YES;
				COPY_PHASE_STRIP = NO;
				DEBUG_INFORMATION_FORMAT = dwarf;
				ENABLE_STRICT_OBJC_MSGSEND = YES;
				ENABLE_TESTABILITY = YES;
				GCC_C_LANGUAGE_STANDARD = gnu11;
				GCC_DYNAMIC_NO_PIC = NO;
				GCC_NO_COMMON_BLOCKS = YES;
				GCC_OPTIMIZATION_LEVEL = 0;
				GCC_PREPROCESSOR_DEFINITIONS = (
					"DEBUG=1",
					"$(inherited)",
				);
				GCC_WARN_64_TO_32_BIT_CONVERSION = YES;
				GCC_WARN_ABOUT_RETURN_TYPE = YES_ERROR;
				GCC_WARN_UNDECLARED_SELECTOR = YES;
				GCC_WARN_UNINITIALIZED_AUTOS = YES_AGGRESSIVE;
				GCC_WARN_UNUSED_FUNCTION = YES;
				GCC_WARN_UNUSED_VARIABLE = YES;
				IPHONEOS_DEPLOYMENT_TARGET = 16.4;
				MTL_ENABLE_DEBUG_INFO = INCLUDE_SOURCE;
				MTL_FAST_MATH = YES;
				ONLY_ACTIVE_ARCH = YES;
				SDKROOT = iphoneos;
				SWIFT_ACTIVE_COMPILATION_CONDITIONS = DEBUG;
				SWIFT_OPTIMIZATION_LEVEL = "-Onone";
			};
			name = Debug;
		};
		930A9CE029F6B21500F22AEA /* Release */ = {
			isa = XCBuildConfiguration;
			buildSettings = {
				ALWAYS_SEARCH_USER_PATHS = NO;
				CLANG_ANALYZER_NONNULL = YES;
				CLANG_ANALYZER_NUMBER_OBJECT_CONVERSION = YES_AGGRESSIVE;
				CLANG_CXX_LANGUAGE_STANDARD = "gnu++20";
				CLANG_ENABLE_MODULES = YES;
				CLANG_ENABLE_OBJC_ARC = YES;
				CLANG_ENABLE_OBJC_WEAK = YES;
				CLANG_WARN_BLOCK_CAPTURE_AUTORELEASING = YES;
				CLANG_WARN_BOOL_CONVERSION = YES;
				CLANG_WARN_COMMA = YES;
				CLANG_WARN_CONSTANT_CONVERSION = YES;
				CLANG_WARN_DEPRECATED_OBJC_IMPLEMENTATIONS = YES;
				CLANG_WARN_DIRECT_OBJC_ISA_USAGE = YES_ERROR;
				CLANG_WARN_DOCUMENTATION_COMMENTS = YES;
				CLANG_WARN_EMPTY_BODY = YES;
				CLANG_WARN_ENUM_CONVERSION = YES;
				CLANG_WARN_INFINITE_RECURSION = YES;
				CLANG_WARN_INT_CONVERSION = YES;
				CLANG_WARN_NON_LITERAL_NULL_CONVERSION = YES;
				CLANG_WARN_OBJC_IMPLICIT_RETAIN_SELF = YES;
				CLANG_WARN_OBJC_LITERAL_CONVERSION = YES;
				CLANG_WARN_OBJC_ROOT_CLASS = YES_ERROR;
				CLANG_WARN_QUOTED_INCLUDE_IN_FRAMEWORK_HEADER = YES;
				CLANG_WARN_RANGE_LOOP_ANALYSIS = YES;
				CLANG_WARN_STRICT_PROTOTYPES = YES;
				CLANG_WARN_SUSPICIOUS_MOVE = YES;
				CLANG_WARN_UNGUARDED_AVAILABILITY = YES_AGGRESSIVE;
				CLANG_WARN_UNREACHABLE_CODE = YES;
				CLANG_WARN__DUPLICATE_METHOD_MATCH = YES;
				COPY_PHASE_STRIP = NO;
				DEBUG_INFORMATION_FORMAT = "dwarf-with-dsym";
				ENABLE_NS_ASSERTIONS = NO;
				ENABLE_STRICT_OBJC_MSGSEND = YES;
				GCC_C_LANGUAGE_STANDARD = gnu11;
				GCC_NO_COMMON_BLOCKS = YES;
				GCC_WARN_64_TO_32_BIT_CONVERSION = YES;
				GCC_WARN_ABOUT_RETURN_TYPE = YES_ERROR;
				GCC_WARN_UNDECLARED_SELECTOR = YES;
				GCC_WARN_UNINITIALIZED_AUTOS = YES_AGGRESSIVE;
				GCC_WARN_UNUSED_FUNCTION = YES;
				GCC_WARN_UNUSED_VARIABLE = YES;
				IPHONEOS_DEPLOYMENT_TARGET = 16.4;
				MTL_ENABLE_DEBUG_INFO = NO;
				MTL_FAST_MATH = YES;
				SDKROOT = iphoneos;
				SWIFT_COMPILATION_MODE = wholemodule;
				SWIFT_OPTIMIZATION_LEVEL = "-O";
				VALIDATE_PRODUCT = YES;
			};
			name = Release;
		};
		930A9CE229F6B21500F22AEA /* Debug */ = {
			isa = XCBuildConfiguration;
			buildSettings = {
				ASSETCATALOG_COMPILER_APPICON_NAME = AppIcon;
				ASSETCATALOG_COMPILER_GLOBAL_ACCENT_COLOR_NAME = AccentColor;
				CODE_SIGN_STYLE = Automatic;
				CURRENT_PROJECT_VERSION = 1;
				DEVELOPMENT_ASSET_PATHS = "\"Cheli/Preview Content\"";
				DEVELOPMENT_TEAM = 9RW596Q5Q8;
				ENABLE_PREVIEWS = YES;
				GENERATE_INFOPLIST_FILE = YES;
				INFOPLIST_FILE = Cheli/Info.plist;
				INFOPLIST_KEY_UIApplicationSceneManifest_Generation = YES;
				INFOPLIST_KEY_UIApplicationSupportsIndirectInputEvents = YES;
				INFOPLIST_KEY_UILaunchScreen_Generation = YES;
				INFOPLIST_KEY_UILaunchStoryboardName = "Launch Screen.storyboard";
				INFOPLIST_KEY_UISupportedInterfaceOrientations = UIInterfaceOrientationPortrait;
				INFOPLIST_KEY_UISupportedInterfaceOrientations_iPad = "UIInterfaceOrientationLandscapeLeft UIInterfaceOrientationLandscapeRight UIInterfaceOrientationPortrait UIInterfaceOrientationPortraitUpsideDown";
				LD_RUNPATH_SEARCH_PATHS = (
					"$(inherited)",
					"@executable_path/Frameworks",
				);
				MARKETING_VERSION = 1.0;
				PRODUCT_BUNDLE_IDENTIFIER = com.chelii.Cheli;
				PRODUCT_NAME = "$(TARGET_NAME)";
				SUPPORTED_PLATFORMS = "iphoneos iphonesimulator";
				SUPPORTS_MACCATALYST = NO;
				SUPPORTS_MAC_DESIGNED_FOR_IPHONE_IPAD = NO;
				SWIFT_EMIT_LOC_STRINGS = YES;
				SWIFT_VERSION = 5.0;
				TARGETED_DEVICE_FAMILY = 1;
			};
			name = Debug;
		};
		930A9CE329F6B21500F22AEA /* Release */ = {
			isa = XCBuildConfiguration;
			buildSettings = {
				ASSETCATALOG_COMPILER_APPICON_NAME = AppIcon;
				ASSETCATALOG_COMPILER_GLOBAL_ACCENT_COLOR_NAME = AccentColor;
				CODE_SIGN_STYLE = Automatic;
				CURRENT_PROJECT_VERSION = 1;
				DEVELOPMENT_ASSET_PATHS = "\"Cheli/Preview Content\"";
				DEVELOPMENT_TEAM = 9RW596Q5Q8;
				ENABLE_PREVIEWS = YES;
				GENERATE_INFOPLIST_FILE = YES;
				INFOPLIST_FILE = Cheli/Info.plist;
				INFOPLIST_KEY_UIApplicationSceneManifest_Generation = YES;
				INFOPLIST_KEY_UIApplicationSupportsIndirectInputEvents = YES;
				INFOPLIST_KEY_UILaunchScreen_Generation = YES;
				INFOPLIST_KEY_UILaunchStoryboardName = "Launch Screen.storyboard";
				INFOPLIST_KEY_UISupportedInterfaceOrientations = UIInterfaceOrientationPortrait;
				INFOPLIST_KEY_UISupportedInterfaceOrientations_iPad = "UIInterfaceOrientationLandscapeLeft UIInterfaceOrientationLandscapeRight UIInterfaceOrientationPortrait UIInterfaceOrientationPortraitUpsideDown";
				LD_RUNPATH_SEARCH_PATHS = (
					"$(inherited)",
					"@executable_path/Frameworks",
				);
				MARKETING_VERSION = 1.0;
				PRODUCT_BUNDLE_IDENTIFIER = com.chelii.Cheli;
				PRODUCT_NAME = "$(TARGET_NAME)";
				SUPPORTED_PLATFORMS = "iphoneos iphonesimulator";
				SUPPORTS_MACCATALYST = NO;
				SUPPORTS_MAC_DESIGNED_FOR_IPHONE_IPAD = NO;
				SWIFT_EMIT_LOC_STRINGS = YES;
				SWIFT_VERSION = 5.0;
				TARGETED_DEVICE_FAMILY = 1;
			};
			name = Release;
		};
/* End XCBuildConfiguration section */

/* Begin XCConfigurationList section */
		930A9CCE29F6B21500F22AEA /* Build configuration list for PBXProject "Cheli" */ = {
			isa = XCConfigurationList;
			buildConfigurations = (
				930A9CDF29F6B21500F22AEA /* Debug */,
				930A9CE029F6B21500F22AEA /* Release */,
			);
			defaultConfigurationIsVisible = 0;
			defaultConfigurationName = Release;
		};
		930A9CE129F6B21500F22AEA /* Build configuration list for PBXNativeTarget "Cheli" */ = {
			isa = XCConfigurationList;
			buildConfigurations = (
				930A9CE229F6B21500F22AEA /* Debug */,
				930A9CE329F6B21500F22AEA /* Release */,
			);
			defaultConfigurationIsVisible = 0;
			defaultConfigurationName = Release;
		};
/* End XCConfigurationList section */

/* Begin XCRemoteSwiftPackageReference section */
		930F9ACF2A03DBEE00A856A6 /* XCRemoteSwiftPackageReference "Alamofire" */ = {
			isa = XCRemoteSwiftPackageReference;
			repositoryURL = "https://github.com/Alamofire/Alamofire.git";
			requirement = {
				kind = upToNextMajorVersion;
				minimumVersion = 5.0.0;
			};
		};
		930F9AD22A03DC1800A856A6 /* XCRemoteSwiftPackageReference "SwiftyJSON" */ = {
			isa = XCRemoteSwiftPackageReference;
			repositoryURL = "https://github.com/SwiftyJSON/SwiftyJSON.git";
			requirement = {
				kind = upToNextMajorVersion;
				minimumVersion = 5.0.0;
			};
		};
/* End XCRemoteSwiftPackageReference section */

/* Begin XCSwiftPackageProductDependency section */
		930F9AD02A03DBEE00A856A6 /* Alamofire */ = {
			isa = XCSwiftPackageProductDependency;
			package = 930F9ACF2A03DBEE00A856A6 /* XCRemoteSwiftPackageReference "Alamofire" */;
			productName = Alamofire;
		};
		930F9AD32A03DC1800A856A6 /* SwiftyJSON */ = {
			isa = XCSwiftPackageProductDependency;
			package = 930F9AD22A03DC1800A856A6 /* XCRemoteSwiftPackageReference "SwiftyJSON" */;
			productName = SwiftyJSON;
		};
/* End XCSwiftPackageProductDependency section */
	};
	rootObject = 930A9CCB29F6B21500F22AEA /* Project object */;
}
